
Microsoft Visual Studio Solution File, Format Version 12.00
# Visual Studio Version 17
VisualStudioVersion = 17.5.33530.505
MinimumVisualStudioVersion = 10.0.40219.1
Project("{FAE04EC0-301F-11D3-BF4B-00C04F79EFBC}") = "Testezaum", "Testezaum\Testezaum.csproj", "{D164DE55-FA1D-42F1-9405-1C5B1484DB86}"
EndProject
Global
	GlobalSection(SolutionConfigurationPlatforms) = preSolution
		Debug|Any CPU = Debug|Any CPU
		Release|Any CPU = Release|Any CPU
	EndGlobalSection
	GlobalSection(ProjectConfigurationPlatforms) = postSolution
		{D164DE55-FA1D-42F1-9405-1C5B1484DB86}.Debug|Any CPU.ActiveCfg = Debug|Any CPU
		{D164DE55-FA1D-42F1-9405-1C5B1484DB86}.Debug|Any CPU.Build.0 = Debug|Any CPU
		{D164DE55-FA1D-42F1-9405-1C5B1484DB86}.Release|Any CPU.ActiveCfg = Release|Any CPU
		{D164DE55-FA1D-42F1-9405-1C5B1484DB86}.Release|Any CPU.Build.0 = Release|Any CPU
	EndGlobalSection
	GlobalSection(SolutionProperties) = preSolution
		HideSolutionNode = FALSE
	EndGlobalSection
	GlobalSection(ExtensibilityGlobals) = postSolution
		SolutionGuid = {E4BC3B97-95FA-4F88-8943-B2F13E77E900}
	EndGlobalSection
EndGlobal
