
Microsoft Visual Studio Solution File, Format Version 12.00
# Visual Studio Version 17
VisualStudioVersion = 17.5.33530.505
MinimumVisualStudioVersion = 10.0.40219.1
Project("{FAE04EC0-301F-11D3-BF4B-00C04F79EFBC}") = "ValidadorDeCPF", "ValidadorDeCPF\ValidadorDeCPF.csproj", "{E5079EF2-D446-4CBE-A72C-083888EB60B9}"
EndProject
Global
	GlobalSection(SolutionConfigurationPlatforms) = preSolution
		Debug|Any CPU = Debug|Any CPU
		Release|Any CPU = Release|Any CPU
	EndGlobalSection
	GlobalSection(ProjectConfigurationPlatforms) = postSolution
		{E5079EF2-D446-4CBE-A72C-083888EB60B9}.Debug|Any CPU.ActiveCfg = Debug|Any CPU
		{E5079EF2-D446-4CBE-A72C-083888EB60B9}.Debug|Any CPU.Build.0 = Debug|Any CPU
		{E5079EF2-D446-4CBE-A72C-083888EB60B9}.Release|Any CPU.ActiveCfg = Release|Any CPU
		{E5079EF2-D446-4CBE-A72C-083888EB60B9}.Release|Any CPU.Build.0 = Release|Any CPU
	EndGlobalSection
	GlobalSection(SolutionProperties) = preSolution
		HideSolutionNode = FALSE
	EndGlobalSection
	GlobalSection(ExtensibilityGlobals) = postSolution
		SolutionGuid = {8FF7862E-B471-4B44-8CD4-CBEE5425837E}
	EndGlobalSection
EndGlobal
