
Microsoft Visual Studio Solution File, Format Version 12.00
# Visual Studio Version 17
VisualStudioVersion = 17.5.33530.505
MinimumVisualStudioVersion = 10.0.40219.1
Project("{FAE04EC0-301F-11D3-BF4B-00C04F79EFBC}") = "SistemaBiblioteca", "SistemaBiblioteca\SistemaBiblioteca.csproj", "{CA6FEC9C-0EE1-46F7-AD2D-5691EB8409CA}"
EndProject
Global
	GlobalSection(SolutionConfigurationPlatforms) = preSolution
		Debug|Any CPU = Debug|Any CPU
		Release|Any CPU = Release|Any CPU
	EndGlobalSection
	GlobalSection(ProjectConfigurationPlatforms) = postSolution
		{CA6FEC9C-0EE1-46F7-AD2D-5691EB8409CA}.Debug|Any CPU.ActiveCfg = Debug|Any CPU
		{CA6FEC9C-0EE1-46F7-AD2D-5691EB8409CA}.Debug|Any CPU.Build.0 = Debug|Any CPU
		{CA6FEC9C-0EE1-46F7-AD2D-5691EB8409CA}.Release|Any CPU.ActiveCfg = Release|Any CPU
		{CA6FEC9C-0EE1-46F7-AD2D-5691EB8409CA}.Release|Any CPU.Build.0 = Release|Any CPU
	EndGlobalSection
	GlobalSection(SolutionProperties) = preSolution
		HideSolutionNode = FALSE
	EndGlobalSection
	GlobalSection(ExtensibilityGlobals) = postSolution
		SolutionGuid = {E08B51F7-2D81-4640-80EF-8FD6E99597EF}
	EndGlobalSection
EndGlobal
